
Microsoft Visual Studio Solution File, Format Version 12.00
Project("{FAE04EC0-301F-11D3-BF4B-00C04F79EFBC}") = "appRavenDB", "appRavenDB\appRavenDB.csproj", "{B5E39E06-6B5F-4C9A-8478-330EB05C8962}"
EndProject
Global
	GlobalSection(SolutionConfigurationPlatforms) = preSolution
		Debug|Any CPU = Debug|Any CPU
		Release|Any CPU = Release|Any CPU
	EndGlobalSection
	GlobalSection(ProjectConfigurationPlatforms) = postSolution
		{B5E39E06-6B5F-4C9A-8478-330EB05C8962}.Debug|Any CPU.ActiveCfg = Debug|Any CPU
		{B5E39E06-6B5F-4C9A-8478-330EB05C8962}.Debug|Any CPU.Build.0 = Debug|Any CPU
		{B5E39E06-6B5F-4C9A-8478-330EB05C8962}.Release|Any CPU.ActiveCfg = Release|Any CPU
		{B5E39E06-6B5F-4C9A-8478-330EB05C8962}.Release|Any CPU.Build.0 = Release|Any CPU
	EndGlobalSection
EndGlobal
